
Microsoft Visual Studio Solution File, Format Version 11.00
# Visual Studio 2010
Project("{FAE04EC0-301F-11D3-BF4B-00C04F79EFBC}") = "JoMAR", "JoMAR\JoMAR.csproj", "{A53A5559-E0F5-431E-B797-5E24DD16720F}"
EndProject
Global
	GlobalSection(SolutionConfigurationPlatforms) = preSolution
		Debug|Any CPU = Debug|Any CPU
		Release|Any CPU = Release|Any CPU
	EndGlobalSection
	GlobalSection(ProjectConfigurationPlatforms) = postSolution
		{A53A5559-E0F5-431E-B797-5E24DD16720F}.Debug|Any CPU.ActiveCfg = Debug|Any CPU
		{A53A5559-E0F5-431E-B797-5E24DD16720F}.Debug|Any CPU.Build.0 = Debug|Any CPU
		{A53A5559-E0F5-431E-B797-5E24DD16720F}.Release|Any CPU.ActiveCfg = Release|Any CPU
		{A53A5559-E0F5-431E-B797-5E24DD16720F}.Release|Any CPU.Build.0 = Release|Any CPU
	EndGlobalSection
	GlobalSection(SolutionProperties) = preSolution
		HideSolutionNode = FALSE
	EndGlobalSection
EndGlobal
